// !$*UTF8*$!
{
	archiveVersion = 1;
	classes = {
	};
	objectVersion = 56;
	objects = {

/* Begin PBXBuildFile section */
		F7BFB14D2927A40B00519708 /* AppDelegate.swift in Sources */ = {isa = PBXBuildFile; fileRef = F7BFB14C2927A40B00519708 /* AppDelegate.swift */; };
		F7BFB14F2927A40B00519708 /* SceneDelegate.swift in Sources */ = {isa = PBXBuildFile; fileRef = F7BFB14E2927A40B00519708 /* SceneDelegate.swift */; };
		F7BFB1512927A40B00519708 /* HomeViewController.swift in Sources */ = {isa = PBXBuildFile; fileRef = F7BFB1502927A40B00519708 /* HomeViewController.swift */; };
		F7BFB1562927A40C00519708 /* Assets.xcassets in Resources */ = {isa = PBXBuildFile; fileRef = F7BFB1552927A40C00519708 /* Assets.xcassets */; };
		F7BFB1592927A40C00519708 /* LaunchScreen.storyboard in Resources */ = {isa = PBXBuildFile; fileRef = F7BFB1572927A40C00519708 /* LaunchScreen.storyboard */; };
		F7BFB1642927A6FD00519708 /* CredentialModel.swift in Sources */ = {isa = PBXBuildFile; fileRef = F7BFB1632927A6FD00519708 /* CredentialModel.swift */; };
		F7BFB1662927A74600519708 /* LoginViewController.swift in Sources */ = {isa = PBXBuildFile; fileRef = F7BFB1652927A74600519708 /* LoginViewController.swift */; };
		F7BFB1682927ABEE00519708 /* LoginHeaderView.swift in Sources */ = {isa = PBXBuildFile; fileRef = F7BFB1672927ABEE00519708 /* LoginHeaderView.swift */; };
		F7BFB16A2927B74600519708 /* LoginViewModel.swift in Sources */ = {isa = PBXBuildFile; fileRef = F7BFB1692927B74600519708 /* LoginViewModel.swift */; };
		F7BFB16D2927B7B800519708 /* Observable.swift in Sources */ = {isa = PBXBuildFile; fileRef = F7BFB16C2927B7B800519708 /* Observable.swift */; };
		F7BFB1722927B91400519708 /* APIService.swift in Sources */ = {isa = PBXBuildFile; fileRef = F7BFB1712927B91400519708 /* APIService.swift */; };
		F7BFB1742927BD0C00519708 /* ResponseModel.swift in Sources */ = {isa = PBXBuildFile; fileRef = F7BFB1732927BD0C00519708 /* ResponseModel.swift */; };
		F7BFB1762927D59700519708 /* APIError.swift in Sources */ = {isa = PBXBuildFile; fileRef = F7BFB1752927D59700519708 /* APIError.swift */; };
/* End PBXBuildFile section */

/* Begin PBXFileReference section */
		F7BFB1492927A40B00519708 /* SaltLoginUIKit.app */ = {isa = PBXFileReference; explicitFileType = wrapper.application; includeInIndex = 0; path = SaltLoginUIKit.app; sourceTree = BUILT_PRODUCTS_DIR; };
		F7BFB14C2927A40B00519708 /* AppDelegate.swift */ = {isa = PBXFileReference; lastKnownFileType = sourcecode.swift; path = AppDelegate.swift; sourceTree = "<group>"; };
		F7BFB14E2927A40B00519708 /* SceneDelegate.swift */ = {isa = PBXFileReference; lastKnownFileType = sourcecode.swift; path = SceneDelegate.swift; sourceTree = "<group>"; };
		F7BFB1502927A40B00519708 /* HomeViewController.swift */ = {isa = PBXFileReference; lastKnownFileType = sourcecode.swift; path = HomeViewController.swift; sourceTree = "<group>"; };
		F7BFB1552927A40C00519708 /* Assets.xcassets */ = {isa = PBXFileReference; lastKnownFileType = folder.assetcatalog; path = Assets.xcassets; sourceTree = "<group>"; };
		F7BFB1582927A40C00519708 /* Base */ = {isa = PBXFileReference; lastKnownFileType = file.storyboard; name = Base; path = Base.lproj/LaunchScreen.storyboard; sourceTree = "<group>"; };
		F7BFB15A2927A40C00519708 /* Info.plist */ = {isa = PBXFileReference; lastKnownFileType = text.plist.xml; path = Info.plist; sourceTree = "<group>"; };
		F7BFB1632927A6FD00519708 /* CredentialModel.swift */ = {isa = PBXFileReference; lastKnownFileType = sourcecode.swift; path = CredentialModel.swift; sourceTree = "<group>"; };
		F7BFB1652927A74600519708 /* LoginViewController.swift */ = {isa = PBXFileReference; lastKnownFileType = sourcecode.swift; path = LoginViewController.swift; sourceTree = "<group>"; };
		F7BFB1672927ABEE00519708 /* LoginHeaderView.swift */ = {isa = PBXFileReference; lastKnownFileType = sourcecode.swift; path = LoginHeaderView.swift; sourceTree = "<group>"; };
		F7BFB1692927B74600519708 /* LoginViewModel.swift */ = {isa = PBXFileReference; lastKnownFileType = sourcecode.swift; path = LoginViewModel.swift; sourceTree = "<group>"; };
		F7BFB16C2927B7B800519708 /* Observable.swift */ = {isa = PBXFileReference; lastKnownFileType = sourcecode.swift; path = Observable.swift; sourceTree = "<group>"; };
		F7BFB1712927B91400519708 /* APIService.swift */ = {isa = PBXFileReference; lastKnownFileType = sourcecode.swift; path = APIService.swift; sourceTree = "<group>"; };
		F7BFB1732927BD0C00519708 /* ResponseModel.swift */ = {isa = PBXFileReference; lastKnownFileType = sourcecode.swift; path = ResponseModel.swift; sourceTree = "<group>"; };
		F7BFB1752927D59700519708 /* APIError.swift */ = {isa = PBXFileReference; lastKnownFileType = sourcecode.swift; path = APIError.swift; sourceTree = "<group>"; };
/* End PBXFileReference section */

/* Begin PBXFrameworksBuildPhase section */
		F7BFB1462927A40B00519708 /* Frameworks */ = {
			isa = PBXFrameworksBuildPhase;
			buildActionMask = 2147483647;
			files = (
			);
			runOnlyForDeploymentPostprocessing = 0;
		};
/* End PBXFrameworksBuildPhase section */

/* Begin PBXGroup section */
		F7BFB1402927A40B00519708 = {
			isa = PBXGroup;
			children = (
				F7BFB14B2927A40B00519708 /* SaltLoginUIKit */,
				F7BFB14A2927A40B00519708 /* Products */,
			);
			sourceTree = "<group>";
		};
		F7BFB14A2927A40B00519708 /* Products */ = {
			isa = PBXGroup;
			children = (
				F7BFB1492927A40B00519708 /* SaltLoginUIKit.app */,
			);
			name = Products;
			sourceTree = "<group>";
		};
		F7BFB14B2927A40B00519708 /* SaltLoginUIKit */ = {
			isa = PBXGroup;
			children = (
				F7BFB1622927A6C900519708 /* Models */,
				F7BFB1602927A6BF00519708 /* Views */,
				F7BFB1612927A6C400519708 /* ViewModels */,
				F7BFB16E2927B8E700519708 /* Service */,
				F7BFB16B2927B7A000519708 /* Helpers */,
				F7BFB14C2927A40B00519708 /* AppDelegate.swift */,
				F7BFB14E2927A40B00519708 /* SceneDelegate.swift */,
				F7BFB1552927A40C00519708 /* Assets.xcassets */,
				F7BFB1572927A40C00519708 /* LaunchScreen.storyboard */,
				F7BFB15A2927A40C00519708 /* Info.plist */,
			);
			path = SaltLoginUIKit;
			sourceTree = "<group>";
		};
		F7BFB1602927A6BF00519708 /* Views */ = {
			isa = PBXGroup;
			children = (
				F7BFB1502927A40B00519708 /* HomeViewController.swift */,
				F7BFB1652927A74600519708 /* LoginViewController.swift */,
				F7BFB1672927ABEE00519708 /* LoginHeaderView.swift */,
			);
			path = Views;
			sourceTree = "<group>";
		};
		F7BFB1612927A6C400519708 /* ViewModels */ = {
			isa = PBXGroup;
			children = (
				F7BFB1692927B74600519708 /* LoginViewModel.swift */,
			);
			path = ViewModels;
			sourceTree = "<group>";
		};
		F7BFB1622927A6C900519708 /* Models */ = {
			isa = PBXGroup;
			children = (
				F7BFB1632927A6FD00519708 /* CredentialModel.swift */,
				F7BFB1732927BD0C00519708 /* ResponseModel.swift */,
			);
			path = Models;
			sourceTree = "<group>";
		};
		F7BFB16B2927B7A000519708 /* Helpers */ = {
			isa = PBXGroup;
			children = (
				F7BFB16C2927B7B800519708 /* Observable.swift */,
			);
			path = Helpers;
			sourceTree = "<group>";
		};
		F7BFB16E2927B8E700519708 /* Service */ = {
			isa = PBXGroup;
			children = (
				F7BFB1712927B91400519708 /* APIService.swift */,
				F7BFB1752927D59700519708 /* APIError.swift */,
			);
			path = Service;
			sourceTree = "<group>";
		};
/* End PBXGroup section */

/* Begin PBXNativeTarget section */
		F7BFB1482927A40B00519708 /* SaltLoginUIKit */ = {
			isa = PBXNativeTarget;
			buildConfigurationList = F7BFB15D2927A40C00519708 /* Build configuration list for PBXNativeTarget "SaltLoginUIKit" */;
			buildPhases = (
				F7BFB1452927A40B00519708 /* Sources */,
				F7BFB1462927A40B00519708 /* Frameworks */,
				F7BFB1472927A40B00519708 /* Resources */,
			);
			buildRules = (
			);
			dependencies = (
			);
			name = SaltLoginUIKit;
			productName = SaltLoginUIKit;
			productReference = F7BFB1492927A40B00519708 /* SaltLoginUIKit.app */;
			productType = "com.apple.product-type.application";
		};
/* End PBXNativeTarget section */

/* Begin PBXProject section */
		F7BFB1412927A40B00519708 /* Project object */ = {
			isa = PBXProject;
			attributes = {
				BuildIndependentTargetsInParallel = 1;
				LastSwiftUpdateCheck = 1400;
				LastUpgradeCheck = 1400;
				TargetAttributes = {
					F7BFB1482927A40B00519708 = {
						CreatedOnToolsVersion = 14.0.1;
					};
				};
			};
			buildConfigurationList = F7BFB1442927A40B00519708 /* Build configuration list for PBXProject "SaltLoginUIKit" */;
			compatibilityVersion = "Xcode 14.0";
			developmentRegion = en;
			hasScannedForEncodings = 0;
			knownRegions = (
				en,
				Base,
			);
			mainGroup = F7BFB1402927A40B00519708;
			productRefGroup = F7BFB14A2927A40B00519708 /* Products */;
			projectDirPath = "";
			projectRoot = "";
			targets = (
				F7BFB1482927A40B00519708 /* SaltLoginUIKit */,
			);
		};
/* End PBXProject section */

/* Begin PBXResourcesBuildPhase section */
		F7BFB1472927A40B00519708 /* Resources */ = {
			isa = PBXResourcesBuildPhase;
			buildActionMask = 2147483647;
			files = (
				F7BFB1592927A40C00519708 /* LaunchScreen.storyboard in Resources */,
				F7BFB1562927A40C00519708 /* Assets.xcassets in Resources */,
			);
			runOnlyForDeploymentPostprocessing = 0;
		};
/* End PBXResourcesBuildPhase section */

/* Begin PBXSourcesBuildPhase section */
		F7BFB1452927A40B00519708 /* Sources */ = {
			isa = PBXSourcesBuildPhase;
			buildActionMask = 2147483647;
			files = (
				F7BFB16D2927B7B800519708 /* Observable.swift in Sources */,
				F7BFB1642927A6FD00519708 /* CredentialModel.swift in Sources */,
				F7BFB1682927ABEE00519708 /* LoginHeaderView.swift in Sources */,
				F7BFB1512927A40B00519708 /* HomeViewController.swift in Sources */,
				F7BFB14D2927A40B00519708 /* AppDelegate.swift in Sources */,
				F7BFB1662927A74600519708 /* LoginViewController.swift in Sources */,
				F7BFB1722927B91400519708 /* APIService.swift in Sources */,
				F7BFB14F2927A40B00519708 /* SceneDelegate.swift in Sources */,
				F7BFB1742927BD0C00519708 /* ResponseModel.swift in Sources */,
				F7BFB16A2927B74600519708 /* LoginViewModel.swift in Sources */,
				F7BFB1762927D59700519708 /* APIError.swift in Sources */,
			);
			runOnlyForDeploymentPostprocessing = 0;
		};
/* End PBXSourcesBuildPhase section */

/* Begin PBXVariantGroup section */
		F7BFB1572927A40C00519708 /* LaunchScreen.storyboard */ = {
			isa = PBXVariantGroup;
			children = (
				F7BFB1582927A40C00519708 /* Base */,
			);
			name = LaunchScreen.storyboard;
			sourceTree = "<group>";
		};
/* End PBXVariantGroup section */

/* Begin XCBuildConfiguration section */
		F7BFB15B2927A40C00519708 /* Debug */ = {
			isa = XCBuildConfiguration;
			buildSettings = {
				ALWAYS_SEARCH_USER_PATHS = NO;
				CLANG_ANALYZER_NONNULL = YES;
				CLANG_ANALYZER_NUMBER_OBJECT_CONVERSION = YES_AGGRESSIVE;
				CLANG_CXX_LANGUAGE_STANDARD = "gnu++20";
				CLANG_ENABLE_MODULES = YES;
				CLANG_ENABLE_OBJC_ARC = YES;
				CLANG_ENABLE_OBJC_WEAK = YES;
				CLANG_WARN_BLOCK_CAPTURE_AUTORELEASING = YES;
				CLANG_WARN_BOOL_CONVERSION = YES;
				CLANG_WARN_COMMA = YES;
				CLANG_WARN_CONSTANT_CONVERSION = YES;
				CLANG_WARN_DEPRECATED_OBJC_IMPLEMENTATIONS = YES;
				CLANG_WARN_DIRECT_OBJC_ISA_USAGE = YES_ERROR;
				CLANG_WARN_DOCUMENTATION_COMMENTS = YES;
				CLANG_WARN_EMPTY_BODY = YES;
				CLANG_WARN_ENUM_CONVERSION = YES;
				CLANG_WARN_INFINITE_RECURSION = YES;
				CLANG_WARN_INT_CONVERSION = YES;
				CLANG_WARN_NON_LITERAL_NULL_CONVERSION = YES;
				CLANG_WARN_OBJC_IMPLICIT_RETAIN_SELF = YES;
				CLANG_WARN_OBJC_LITERAL_CONVERSION = YES;
				CLANG_WARN_OBJC_ROOT_CLASS = YES_ERROR;
				CLANG_WARN_QUOTED_INCLUDE_IN_FRAMEWORK_HEADER = YES;
				CLANG_WARN_RANGE_LOOP_ANALYSIS = YES;
				CLANG_WARN_STRICT_PROTOTYPES = YES;
				CLANG_WARN_SUSPICIOUS_MOVE = YES;
				CLANG_WARN_UNGUARDED_AVAILABILITY = YES_AGGRESSIVE;
				CLANG_WARN_UNREACHABLE_CODE = YES;
				CLANG_WARN__DUPLICATE_METHOD_MATCH = YES;
				COPY_PHASE_STRIP = NO;
				DEBUG_INFORMATION_FORMAT = dwarf;
				ENABLE_STRICT_OBJC_MSGSEND = YES;
				ENABLE_TESTABILITY = YES;
				GCC_C_LANGUAGE_STANDARD = gnu11;
				GCC_DYNAMIC_NO_PIC = NO;
				GCC_NO_COMMON_BLOCKS = YES;
				GCC_OPTIMIZATION_LEVEL = 0;
				GCC_PREPROCESSOR_DEFINITIONS = (
					"DEBUG=1",
					"$(inherited)",
				);
				GCC_WARN_64_TO_32_BIT_CONVERSION = YES;
				GCC_WARN_ABOUT_RETURN_TYPE = YES_ERROR;
				GCC_WARN_UNDECLARED_SELECTOR = YES;
				GCC_WARN_UNINITIALIZED_AUTOS = YES_AGGRESSIVE;
				GCC_WARN_UNUSED_FUNCTION = YES;
				GCC_WARN_UNUSED_VARIABLE = YES;
				IPHONEOS_DEPLOYMENT_TARGET = 16.0;
				MTL_ENABLE_DEBUG_INFO = INCLUDE_SOURCE;
				MTL_FAST_MATH = YES;
				ONLY_ACTIVE_ARCH = YES;
				SDKROOT = iphoneos;
				SWIFT_ACTIVE_COMPILATION_CONDITIONS = DEBUG;
				SWIFT_OPTIMIZATION_LEVEL = "-Onone";
			};
			name = Debug;
		};
		F7BFB15C2927A40C00519708 /* Release */ = {
			isa = XCBuildConfiguration;
			buildSettings = {
				ALWAYS_SEARCH_USER_PATHS = NO;
				CLANG_ANALYZER_NONNULL = YES;
				CLANG_ANALYZER_NUMBER_OBJECT_CONVERSION = YES_AGGRESSIVE;
				CLANG_CXX_LANGUAGE_STANDARD = "gnu++20";
				CLANG_ENABLE_MODULES = YES;
				CLANG_ENABLE_OBJC_ARC = YES;
				CLANG_ENABLE_OBJC_WEAK = YES;
				CLANG_WARN_BLOCK_CAPTURE_AUTORELEASING = YES;
				CLANG_WARN_BOOL_CONVERSION = YES;
				CLANG_WARN_COMMA = YES;
				CLANG_WARN_CONSTANT_CONVERSION = YES;
				CLANG_WARN_DEPRECATED_OBJC_IMPLEMENTATIONS = YES;
				CLANG_WARN_DIRECT_OBJC_ISA_USAGE = YES_ERROR;
				CLANG_WARN_DOCUMENTATION_COMMENTS = YES;
				CLANG_WARN_EMPTY_BODY = YES;
				CLANG_WARN_ENUM_CONVERSION = YES;
				CLANG_WARN_INFINITE_RECURSION = YES;
				CLANG_WARN_INT_CONVERSION = YES;
				CLANG_WARN_NON_LITERAL_NULL_CONVERSION = YES;
				CLANG_WARN_OBJC_IMPLICIT_RETAIN_SELF = YES;
				CLANG_WARN_OBJC_LITERAL_CONVERSION = YES;
				CLANG_WARN_OBJC_ROOT_CLASS = YES_ERROR;
				CLANG_WARN_QUOTED_INCLUDE_IN_FRAMEWORK_HEADER = YES;
				CLANG_WARN_RANGE_LOOP_ANALYSIS = YES;
				CLANG_WARN_STRICT_PROTOTYPES = YES;
				CLANG_WARN_SUSPICIOUS_MOVE = YES;
				CLANG_WARN_UNGUARDED_AVAILABILITY = YES_AGGRESSIVE;
				CLANG_WARN_UNREACHABLE_CODE = YES;
				CLANG_WARN__DUPLICATE_METHOD_MATCH = YES;
				COPY_PHASE_STRIP = NO;
				DEBUG_INFORMATION_FORMAT = "dwarf-with-dsym";
				ENABLE_NS_ASSERTIONS = NO;
				ENABLE_STRICT_OBJC_MSGSEND = YES;
				GCC_C_LANGUAGE_STANDARD = gnu11;
				GCC_NO_COMMON_BLOCKS = YES;
				GCC_WARN_64_TO_32_BIT_CONVERSION = YES;
				GCC_WARN_ABOUT_RETURN_TYPE = YES_ERROR;
				GCC_WARN_UNDECLARED_SELECTOR = YES;
				GCC_WARN_UNINITIALIZED_AUTOS = YES_AGGRESSIVE;
				GCC_WARN_UNUSED_FUNCTION = YES;
				GCC_WARN_UNUSED_VARIABLE = YES;
				IPHONEOS_DEPLOYMENT_TARGET = 16.0;
				MTL_ENABLE_DEBUG_INFO = NO;
				MTL_FAST_MATH = YES;
				SDKROOT = iphoneos;
				SWIFT_COMPILATION_MODE = wholemodule;
				SWIFT_OPTIMIZATION_LEVEL = "-O";
				VALIDATE_PRODUCT = YES;
			};
			name = Release;
		};
		F7BFB15E2927A40C00519708 /* Debug */ = {
			isa = XCBuildConfiguration;
			buildSettings = {
				ASSETCATALOG_COMPILER_APPICON_NAME = AppIcon;
				ASSETCATALOG_COMPILER_GLOBAL_ACCENT_COLOR_NAME = AccentColor;
				CODE_SIGN_STYLE = Automatic;
				CURRENT_PROJECT_VERSION = 1;
				DEVELOPMENT_TEAM = 5KQGTJX2K7;
				GENERATE_INFOPLIST_FILE = YES;
				INFOPLIST_FILE = SaltLoginUIKit/Info.plist;
				INFOPLIST_KEY_UIApplicationSupportsIndirectInputEvents = YES;
				INFOPLIST_KEY_UILaunchStoryboardName = LaunchScreen;
				INFOPLIST_KEY_UISupportedInterfaceOrientations_iPad = "UIInterfaceOrientationPortrait UIInterfaceOrientationPortraitUpsideDown UIInterfaceOrientationLandscapeLeft UIInterfaceOrientationLandscapeRight";
				INFOPLIST_KEY_UISupportedInterfaceOrientations_iPhone = "UIInterfaceOrientationPortrait UIInterfaceOrientationLandscapeLeft UIInterfaceOrientationLandscapeRight";
				LD_RUNPATH_SEARCH_PATHS = (
					"$(inherited)",
					"@executable_path/Frameworks",
				);
				MARKETING_VERSION = 1.0;
				PRODUCT_BUNDLE_IDENTIFIER = com.rendiwijiatmoko.SaltLoginUIKit;
				PRODUCT_NAME = "$(TARGET_NAME)";
				SWIFT_EMIT_LOC_STRINGS = YES;
				SWIFT_VERSION = 5.0;
				TARGETED_DEVICE_FAMILY = "1,2";
			};
			name = Debug;
		};
		F7BFB15F2927A40C00519708 /* Release */ = {
			isa = XCBuildConfiguration;
			buildSettings = {
				ASSETCATALOG_COMPILER_APPICON_NAME = AppIcon;
				ASSETCATALOG_COMPILER_GLOBAL_ACCENT_COLOR_NAME = AccentColor;
				CODE_SIGN_STYLE = Automatic;
				CURRENT_PROJECT_VERSION = 1;
				DEVELOPMENT_TEAM = 5KQGTJX2K7;
				GENERATE_INFOPLIST_FILE = YES;
				INFOPLIST_FILE = SaltLoginUIKit/Info.plist;
				INFOPLIST_KEY_UIApplicationSupportsIndirectInputEvents = YES;
				INFOPLIST_KEY_UILaunchStoryboardName = LaunchScreen;
				INFOPLIST_KEY_UISupportedInterfaceOrientations_iPad = "UIInterfaceOrientationPortrait UIInterfaceOrientationPortraitUpsideDown UIInterfaceOrientationLandscapeLeft UIInterfaceOrientationLandscapeRight";
				INFOPLIST_KEY_UISupportedInterfaceOrientations_iPhone = "UIInterfaceOrientationPortrait UIInterfaceOrientationLandscapeLeft UIInterfaceOrientationLandscapeRight";
				LD_RUNPATH_SEARCH_PATHS = (
					"$(inherited)",
					"@executable_path/Frameworks",
				);
				MARKETING_VERSION = 1.0;
				PRODUCT_BUNDLE_IDENTIFIER = com.rendiwijiatmoko.SaltLoginUIKit;
				PRODUCT_NAME = "$(TARGET_NAME)";
				SWIFT_EMIT_LOC_STRINGS = YES;
				SWIFT_VERSION = 5.0;
				TARGETED_DEVICE_FAMILY = "1,2";
			};
			name = Release;
		};
/* End XCBuildConfiguration section */

/* Begin XCConfigurationList section */
		F7BFB1442927A40B00519708 /* Build configuration list for PBXProject "SaltLoginUIKit" */ = {
			isa = XCConfigurationList;
			buildConfigurations = (
				F7BFB15B2927A40C00519708 /* Debug */,
				F7BFB15C2927A40C00519708 /* Release */,
			);
			defaultConfigurationIsVisible = 0;
			defaultConfigurationName = Release;
		};
		F7BFB15D2927A40C00519708 /* Build configuration list for PBXNativeTarget "SaltLoginUIKit" */ = {
			isa = XCConfigurationList;
			buildConfigurations = (
				F7BFB15E2927A40C00519708 /* Debug */,
				F7BFB15F2927A40C00519708 /* Release */,
			);
			defaultConfigurationIsVisible = 0;
			defaultConfigurationName = Release;
		};
/* End XCConfigurationList section */
	};
	rootObject = F7BFB1412927A40B00519708 /* Project object */;
}
